
Microsoft Visual Studio Solution File, Format Version 12.00
# Visual Studio Version 17
VisualStudioVersion = 17.6.33815.320
MinimumVisualStudioVersion = 10.0.40219.1
Project("{9A19103F-16F7-4668-BE54-9A1E7A4F7556}") = "DesingPattern", "DesingPattern\DesingPattern.csproj", "{08B1BBAA-43CD-427F-A9BB-74BAD6489681}"
EndProject
Project("{9A19103F-16F7-4668-BE54-9A1E7A4F7556}") = "DesingPatternsAsp", "DesingPatternsAsp\DesingPatternsAsp.csproj", "{EC52150C-31AA-4BF2-BAC4-52A16AA5439A}"
EndProject
Project("{9A19103F-16F7-4668-BE54-9A1E7A4F7556}") = "Tools", "Tools\Tools.csproj", "{B3A7F516-DDF9-4D38-9DDE-2381D381E842}"
EndProject
Project("{FAE04EC0-301F-11D3-BF4B-00C04F79EFBC}") = "DesignPatterns.Models", "DesignPatterns.Models\DesignPatterns.Models.csproj", "{05A78F0E-59C2-4DE8-9EFF-AF696AC2F302}"
EndProject
Project("{FAE04EC0-301F-11D3-BF4B-00C04F79EFBC}") = "DesignPatterns.Repository", "DesignPatterns.Repository\DesignPatterns.Repository.csproj", "{161EFFBA-1A30-4590-949A-4A90895FA9E0}"
EndProject
Global
	GlobalSection(SolutionConfigurationPlatforms) = preSolution
		Debug|Any CPU = Debug|Any CPU
		Release|Any CPU = Release|Any CPU
	EndGlobalSection
	GlobalSection(ProjectConfigurationPlatforms) = postSolution
		{08B1BBAA-43CD-427F-A9BB-74BAD6489681}.Debug|Any CPU.ActiveCfg = Debug|Any CPU
		{08B1BBAA-43CD-427F-A9BB-74BAD6489681}.Debug|Any CPU.Build.0 = Debug|Any CPU
		{08B1BBAA-43CD-427F-A9BB-74BAD6489681}.Release|Any CPU.ActiveCfg = Release|Any CPU
		{08B1BBAA-43CD-427F-A9BB-74BAD6489681}.Release|Any CPU.Build.0 = Release|Any CPU
		{EC52150C-31AA-4BF2-BAC4-52A16AA5439A}.Debug|Any CPU.ActiveCfg = Debug|Any CPU
		{EC52150C-31AA-4BF2-BAC4-52A16AA5439A}.Debug|Any CPU.Build.0 = Debug|Any CPU
		{EC52150C-31AA-4BF2-BAC4-52A16AA5439A}.Release|Any CPU.ActiveCfg = Release|Any CPU
		{EC52150C-31AA-4BF2-BAC4-52A16AA5439A}.Release|Any CPU.Build.0 = Release|Any CPU
		{B3A7F516-DDF9-4D38-9DDE-2381D381E842}.Debug|Any CPU.ActiveCfg = Debug|Any CPU
		{B3A7F516-DDF9-4D38-9DDE-2381D381E842}.Debug|Any CPU.Build.0 = Debug|Any CPU
		{B3A7F516-DDF9-4D38-9DDE-2381D381E842}.Release|Any CPU.ActiveCfg = Release|Any CPU
		{B3A7F516-DDF9-4D38-9DDE-2381D381E842}.Release|Any CPU.Build.0 = Release|Any CPU
		{05A78F0E-59C2-4DE8-9EFF-AF696AC2F302}.Debug|Any CPU.ActiveCfg = Debug|Any CPU
		{05A78F0E-59C2-4DE8-9EFF-AF696AC2F302}.Debug|Any CPU.Build.0 = Debug|Any CPU
		{05A78F0E-59C2-4DE8-9EFF-AF696AC2F302}.Release|Any CPU.ActiveCfg = Release|Any CPU
		{05A78F0E-59C2-4DE8-9EFF-AF696AC2F302}.Release|Any CPU.Build.0 = Release|Any CPU
		{161EFFBA-1A30-4590-949A-4A90895FA9E0}.Debug|Any CPU.ActiveCfg = Debug|Any CPU
		{161EFFBA-1A30-4590-949A-4A90895FA9E0}.Debug|Any CPU.Build.0 = Debug|Any CPU
		{161EFFBA-1A30-4590-949A-4A90895FA9E0}.Release|Any CPU.ActiveCfg = Release|Any CPU
		{161EFFBA-1A30-4590-949A-4A90895FA9E0}.Release|Any CPU.Build.0 = Release|Any CPU
	EndGlobalSection
	GlobalSection(SolutionProperties) = preSolution
		HideSolutionNode = FALSE
	EndGlobalSection
	GlobalSection(ExtensibilityGlobals) = postSolution
		SolutionGuid = {B0693FDA-445B-4AD8-AEFF-473C4E5D3D4C}
	EndGlobalSection
EndGlobal
